// !$*UTF8*$!
{
	archiveVersion = 1;
	classes = {
	};
	objectVersion = 51;
	objects = {

/* Begin PBXBuildFile section */
		54035D1325CC1A2E0036D86F /* AppDelegate.swift in Sources */ = {isa = PBXBuildFile; fileRef = 54035D1225CC1A2E0036D86F /* AppDelegate.swift */; };
		54035D1525CC1A2E0036D86F /* SceneDelegate.swift in Sources */ = {isa = PBXBuildFile; fileRef = 54035D1425CC1A2E0036D86F /* SceneDelegate.swift */; };
		54035D1A25CC1A2E0036D86F /* Main.storyboard in Resources */ = {isa = PBXBuildFile; fileRef = 54035D1825CC1A2E0036D86F /* Main.storyboard */; };
		54035D1C25CC1A310036D86F /* Assets.xcassets in Resources */ = {isa = PBXBuildFile; fileRef = 54035D1B25CC1A310036D86F /* Assets.xcassets */; };
		54035D1F25CC1A310036D86F /* LaunchScreen.storyboard in Resources */ = {isa = PBXBuildFile; fileRef = 54035D1D25CC1A310036D86F /* LaunchScreen.storyboard */; };
		54035D2F25CC1BC70036D86F /* UIColor+Additions.swift in Sources */ = {isa = PBXBuildFile; fileRef = 54035D2E25CC1BC70036D86F /* UIColor+Additions.swift */; };
		54035D3425CC1C570036D86F /* GenericResponse.swift in Sources */ = {isa = PBXBuildFile; fileRef = 54035D3325CC1C570036D86F /* GenericResponse.swift */; };
		54035D3925CC1C940036D86F /* APIConstants.swift in Sources */ = {isa = PBXBuildFile; fileRef = 54035D3825CC1C940036D86F /* APIConstants.swift */; };
		54035D3D25CC1CD20036D86F /* NetworkResult.swift in Sources */ = {isa = PBXBuildFile; fileRef = 54035D3C25CC1CD20036D86F /* NetworkResult.swift */; };
		54035D4825CC1D3A0036D86F /* Roboto-Bold.ttf in Resources */ = {isa = PBXBuildFile; fileRef = 54035D4025CC1D370036D86F /* Roboto-Bold.ttf */; };
		54035D4925CC1D3A0036D86F /* NotoSansCJKkr-Medium.otf in Resources */ = {isa = PBXBuildFile; fileRef = 54035D4125CC1D380036D86F /* NotoSansCJKkr-Medium.otf */; };
		54035D4A25CC1D3A0036D86F /* Roboto-Black.ttf in Resources */ = {isa = PBXBuildFile; fileRef = 54035D4225CC1D380036D86F /* Roboto-Black.ttf */; };
		54035D4B25CC1D3A0036D86F /* NotoSansCJKkr-Bold.otf in Resources */ = {isa = PBXBuildFile; fileRef = 54035D4325CC1D390036D86F /* NotoSansCJKkr-Bold.otf */; };
		54035D4C25CC1D3A0036D86F /* NotoSansCJKkr-Light.otf in Resources */ = {isa = PBXBuildFile; fileRef = 54035D4425CC1D3A0036D86F /* NotoSansCJKkr-Light.otf */; };
		54035D4D25CC1D3A0036D86F /* NotoSansCJKkr-Regular.otf in Resources */ = {isa = PBXBuildFile; fileRef = 54035D4525CC1D3A0036D86F /* NotoSansCJKkr-Regular.otf */; };
		54035D4E25CC1D3A0036D86F /* Roboto-Medium.ttf in Resources */ = {isa = PBXBuildFile; fileRef = 54035D4625CC1D3A0036D86F /* Roboto-Medium.ttf */; };
		54035D4F25CC1D3A0036D86F /* Roboto-Regular.ttf in Resources */ = {isa = PBXBuildFile; fileRef = 54035D4725CC1D3A0036D86F /* Roboto-Regular.ttf */; };
		54035D5325CC1D7A0036D86F /* MainVC.swift in Sources */ = {isa = PBXBuildFile; fileRef = 54035D5225CC1D7A0036D86F /* MainVC.swift */; };
		5481B7FB25CC49C1005111E5 /* CourseBuildVC.swift in Sources */ = {isa = PBXBuildFile; fileRef = 5481B7FA25CC49C1005111E5 /* CourseBuildVC.swift */; };
		5481B80025CC49DE005111E5 /* CourseBuild.storyboard in Resources */ = {isa = PBXBuildFile; fileRef = 5481B7FF25CC49DE005111E5 /* CourseBuild.storyboard */; };
		5481B80625CC599D005111E5 /* Markers.swift in Sources */ = {isa = PBXBuildFile; fileRef = 5481B80525CC599D005111E5 /* Markers.swift */; };
		5481B80925CC5E48005111E5 /* CourseBuildPopUpVC.swift in Sources */ = {isa = PBXBuildFile; fileRef = 5481B80825CC5E48005111E5 /* CourseBuildPopUpVC.swift */; };
		5481B80C25CC5F45005111E5 /* UIView+Extension.swift in Sources */ = {isa = PBXBuildFile; fileRef = 5481B80B25CC5F45005111E5 /* UIView+Extension.swift */; };
		5481B80F25CC6439005111E5 /* CourseBuild.swift in Sources */ = {isa = PBXBuildFile; fileRef = 5481B80E25CC6439005111E5 /* CourseBuild.swift */; };
		5481B81225CC7084005111E5 /* ChadriTabBarController.swift in Sources */ = {isa = PBXBuildFile; fileRef = 5481B81125CC7084005111E5 /* ChadriTabBarController.swift */; };
		5481B81625CC726E005111E5 /* MyPage.storyboard in Resources */ = {isa = PBXBuildFile; fileRef = 5481B81525CC726E005111E5 /* MyPage.storyboard */; };
		5481B81925CC727D005111E5 /* CourseSee.storyboard in Resources */ = {isa = PBXBuildFile; fileRef = 5481B81825CC727D005111E5 /* CourseSee.storyboard */; };
		5481B81E25CC72AC005111E5 /* MyPageVC.swift in Sources */ = {isa = PBXBuildFile; fileRef = 5481B81D25CC72AC005111E5 /* MyPageVC.swift */; };
		5481B82225CC72BA005111E5 /* CourseSeeVC.swift in Sources */ = {isa = PBXBuildFile; fileRef = 5481B82125CC72BA005111E5 /* CourseSeeVC.swift */; };
		5481B82525CC7327005111E5 /* TabBar.storyboard in Resources */ = {isa = PBXBuildFile; fileRef = 5481B82425CC7327005111E5 /* TabBar.storyboard */; };
		5481B82825CC744B005111E5 /* MyPageNC.swift in Sources */ = {isa = PBXBuildFile; fileRef = 5481B82725CC744B005111E5 /* MyPageNC.swift */; };
		5481B82B25CC7458005111E5 /* CourseSeeNC.swift in Sources */ = {isa = PBXBuildFile; fileRef = 5481B82A25CC7458005111E5 /* CourseSeeNC.swift */; };
		5481B82E25CC747B005111E5 /* CourseBuildNC.swift in Sources */ = {isa = PBXBuildFile; fileRef = 5481B82D25CC747B005111E5 /* CourseBuildNC.swift */; };
		5481B83125CC7486005111E5 /* MainNC.swift in Sources */ = {isa = PBXBuildFile; fileRef = 5481B83025CC7486005111E5 /* MainNC.swift */; };
		5481B83D25CCFB5F005111E5 /* CourseCompleteVC.swift in Sources */ = {isa = PBXBuildFile; fileRef = 5481B83C25CCFB5F005111E5 /* CourseCompleteVC.swift */; };
		54822B3125CD39B800FEC71D /* CourseLookCVCell.swift in Sources */ = {isa = PBXBuildFile; fileRef = 54822B2F25CD39B800FEC71D /* CourseLookCVCell.swift */; };
		54822B3225CD39B800FEC71D /* CourseLookCVCell.xib in Resources */ = {isa = PBXBuildFile; fileRef = 54822B3025CD39B800FEC71D /* CourseLookCVCell.xib */; };
		54822B3625CD39CB00FEC71D /* CourseRecommendCVCell.swift in Sources */ = {isa = PBXBuildFile; fileRef = 54822B3425CD39CB00FEC71D /* CourseRecommendCVCell.swift */; };
		54822B3725CD39CB00FEC71D /* CourseRecommendCVCell.xib in Resources */ = {isa = PBXBuildFile; fileRef = 54822B3525CD39CB00FEC71D /* CourseRecommendCVCell.xib */; };
		54822B3B25CD3A0400FEC71D /* MyCVCell.swift in Sources */ = {isa = PBXBuildFile; fileRef = 54822B3925CD3A0400FEC71D /* MyCVCell.swift */; };
		54822B3C25CD3A0400FEC71D /* MyCVCell.xib in Resources */ = {isa = PBXBuildFile; fileRef = 54822B3A25CD3A0400FEC71D /* MyCVCell.xib */; };
		54822B3F25CD3E3E00FEC71D /* Course.swift in Sources */ = {isa = PBXBuildFile; fileRef = 54822B3E25CD3E3E00FEC71D /* Course.swift */; };
		54822B4225CD3E8300FEC71D /* Recommend.swift in Sources */ = {isa = PBXBuildFile; fileRef = 54822B4125CD3E8300FEC71D /* Recommend.swift */; };
		54822B4B25CD538600FEC71D /* Survey.storyboard in Resources */ = {isa = PBXBuildFile; fileRef = 54822B4A25CD538600FEC71D /* Survey.storyboard */; };
		54822B4F25CD53B600FEC71D /* FirstSurvey.swift in Sources */ = {isa = PBXBuildFile; fileRef = 54822B4E25CD53B600FEC71D /* FirstSurvey.swift */; };
		54822B5325CD53C200FEC71D /* SecondSurvey.swift in Sources */ = {isa = PBXBuildFile; fileRef = 54822B5225CD53C200FEC71D /* SecondSurvey.swift */; };
		54822B5625CD53CF00FEC71D /* ThirdSurvey.swift in Sources */ = {isa = PBXBuildFile; fileRef = 54822B5525CD53CF00FEC71D /* ThirdSurvey.swift */; };
		54822B5925CD53D800FEC71D /* FourthSurvey.swift in Sources */ = {isa = PBXBuildFile; fileRef = 54822B5825CD53D800FEC71D /* FourthSurvey.swift */; };
		54822B5C25CD5DD800FEC71D /* LoadingVC.swift in Sources */ = {isa = PBXBuildFile; fileRef = 54822B5B25CD5DD800FEC71D /* LoadingVC.swift */; };
		54822B6425CD7BE000FEC71D /* SplashVC.swift in Sources */ = {isa = PBXBuildFile; fileRef = 54822B6325CD7BE000FEC71D /* SplashVC.swift */; };
		54822B6725CD7D7500FEC71D /* CourseDetail.storyboard in Resources */ = {isa = PBXBuildFile; fileRef = 54822B6625CD7D7500FEC71D /* CourseDetail.storyboard */; };
		54822B6B25CD7D8D00FEC71D /* CourseDetailVC.swift in Sources */ = {isa = PBXBuildFile; fileRef = 54822B6A25CD7D8D00FEC71D /* CourseDetailVC.swift */; };
		54D223E825CDCFBA003A1496 /* UILabel+Padding.swift in Sources */ = {isa = PBXBuildFile; fileRef = 54D223E725CDCFBA003A1496 /* UILabel+Padding.swift */; };
		54D223EB25CDE11E003A1496 /* UITextField+Extension.swift in Sources */ = {isa = PBXBuildFile; fileRef = 54D223EA25CDE11E003A1496 /* UITextField+Extension.swift */; };
		AFC2958DC0C7EC3506162EF9 /* Pods_Chadri_iOS.framework in Frameworks */ = {isa = PBXBuildFile; fileRef = 30A04C3B15E464B8DED5A4B4 /* Pods_Chadri_iOS.framework */; };
/* End PBXBuildFile section */

/* Begin PBXFileReference section */
		30A04C3B15E464B8DED5A4B4 /* Pods_Chadri_iOS.framework */ = {isa = PBXFileReference; explicitFileType = wrapper.framework; includeInIndex = 0; path = Pods_Chadri_iOS.framework; sourceTree = BUILT_PRODUCTS_DIR; };
		54035D0F25CC1A2E0036D86F /* Chadri-iOS.app */ = {isa = PBXFileReference; explicitFileType = wrapper.application; includeInIndex = 0; path = "Chadri-iOS.app"; sourceTree = BUILT_PRODUCTS_DIR; };
		54035D1225CC1A2E0036D86F /* AppDelegate.swift */ = {isa = PBXFileReference; lastKnownFileType = sourcecode.swift; path = AppDelegate.swift; sourceTree = "<group>"; };
		54035D1425CC1A2E0036D86F /* SceneDelegate.swift */ = {isa = PBXFileReference; lastKnownFileType = sourcecode.swift; path = SceneDelegate.swift; sourceTree = "<group>"; };
		54035D1925CC1A2E0036D86F /* Base */ = {isa = PBXFileReference; lastKnownFileType = file.storyboard; name = Base; path = Base.lproj/Main.storyboard; sourceTree = "<group>"; };
		54035D1B25CC1A310036D86F /* Assets.xcassets */ = {isa = PBXFileReference; lastKnownFileType = folder.assetcatalog; path = Assets.xcassets; sourceTree = "<group>"; };
		54035D1E25CC1A310036D86F /* Base */ = {isa = PBXFileReference; lastKnownFileType = file.storyboard; name = Base; path = Base.lproj/LaunchScreen.storyboard; sourceTree = "<group>"; };
		54035D2025CC1A310036D86F /* Info.plist */ = {isa = PBXFileReference; lastKnownFileType = text.plist.xml; path = Info.plist; sourceTree = "<group>"; };
		54035D2E25CC1BC70036D86F /* UIColor+Additions.swift */ = {isa = PBXFileReference; lastKnownFileType = sourcecode.swift; path = "UIColor+Additions.swift"; sourceTree = "<group>"; };
		54035D3325CC1C570036D86F /* GenericResponse.swift */ = {isa = PBXFileReference; lastKnownFileType = sourcecode.swift; path = GenericResponse.swift; sourceTree = "<group>"; };
		54035D3825CC1C940036D86F /* APIConstants.swift */ = {isa = PBXFileReference; lastKnownFileType = sourcecode.swift; path = APIConstants.swift; sourceTree = "<group>"; };
		54035D3C25CC1CD20036D86F /* NetworkResult.swift */ = {isa = PBXFileReference; lastKnownFileType = sourcecode.swift; path = NetworkResult.swift; sourceTree = "<group>"; };
		54035D4025CC1D370036D86F /* Roboto-Bold.ttf */ = {isa = PBXFileReference; lastKnownFileType = file; path = "Roboto-Bold.ttf"; sourceTree = "<group>"; };
		54035D4125CC1D380036D86F /* NotoSansCJKkr-Medium.otf */ = {isa = PBXFileReference; lastKnownFileType = file; path = "NotoSansCJKkr-Medium.otf"; sourceTree = "<group>"; };
		54035D4225CC1D380036D86F /* Roboto-Black.ttf */ = {isa = PBXFileReference; lastKnownFileType = file; path = "Roboto-Black.ttf"; sourceTree = "<group>"; };
		54035D4325CC1D390036D86F /* NotoSansCJKkr-Bold.otf */ = {isa = PBXFileReference; lastKnownFileType = file; path = "NotoSansCJKkr-Bold.otf"; sourceTree = "<group>"; };
		54035D4425CC1D3A0036D86F /* NotoSansCJKkr-Light.otf */ = {isa = PBXFileReference; lastKnownFileType = file; path = "NotoSansCJKkr-Light.otf"; sourceTree = "<group>"; };
		54035D4525CC1D3A0036D86F /* NotoSansCJKkr-Regular.otf */ = {isa = PBXFileReference; lastKnownFileType = file; path = "NotoSansCJKkr-Regular.otf"; sourceTree = "<group>"; };
		54035D4625CC1D3A0036D86F /* Roboto-Medium.ttf */ = {isa = PBXFileReference; lastKnownFileType = file; path = "Roboto-Medium.ttf"; sourceTree = "<group>"; };
		54035D4725CC1D3A0036D86F /* Roboto-Regular.ttf */ = {isa = PBXFileReference; lastKnownFileType = file; path = "Roboto-Regular.ttf"; sourceTree = "<group>"; };
		54035D5225CC1D7A0036D86F /* MainVC.swift */ = {isa = PBXFileReference; lastKnownFileType = sourcecode.swift; path = MainVC.swift; sourceTree = "<group>"; };
		5481B7FA25CC49C1005111E5 /* CourseBuildVC.swift */ = {isa = PBXFileReference; lastKnownFileType = sourcecode.swift; path = CourseBuildVC.swift; sourceTree = "<group>"; };
		5481B7FF25CC49DE005111E5 /* CourseBuild.storyboard */ = {isa = PBXFileReference; lastKnownFileType = file.storyboard; path = CourseBuild.storyboard; sourceTree = "<group>"; };
		5481B80525CC599D005111E5 /* Markers.swift */ = {isa = PBXFileReference; lastKnownFileType = sourcecode.swift; path = Markers.swift; sourceTree = "<group>"; };
		5481B80825CC5E48005111E5 /* CourseBuildPopUpVC.swift */ = {isa = PBXFileReference; lastKnownFileType = sourcecode.swift; path = CourseBuildPopUpVC.swift; sourceTree = "<group>"; };
		5481B80B25CC5F45005111E5 /* UIView+Extension.swift */ = {isa = PBXFileReference; lastKnownFileType = sourcecode.swift; path = "UIView+Extension.swift"; sourceTree = "<group>"; };
		5481B80E25CC6439005111E5 /* CourseBuild.swift */ = {isa = PBXFileReference; lastKnownFileType = sourcecode.swift; path = CourseBuild.swift; sourceTree = "<group>"; };
		5481B81125CC7084005111E5 /* ChadriTabBarController.swift */ = {isa = PBXFileReference; lastKnownFileType = sourcecode.swift; path = ChadriTabBarController.swift; sourceTree = "<group>"; };
		5481B81525CC726E005111E5 /* MyPage.storyboard */ = {isa = PBXFileReference; lastKnownFileType = file.storyboard; path = MyPage.storyboard; sourceTree = "<group>"; };
		5481B81825CC727D005111E5 /* CourseSee.storyboard */ = {isa = PBXFileReference; lastKnownFileType = file.storyboard; path = CourseSee.storyboard; sourceTree = "<group>"; };
		5481B81D25CC72AC005111E5 /* MyPageVC.swift */ = {isa = PBXFileReference; lastKnownFileType = sourcecode.swift; path = MyPageVC.swift; sourceTree = "<group>"; };
		5481B82125CC72BA005111E5 /* CourseSeeVC.swift */ = {isa = PBXFileReference; lastKnownFileType = sourcecode.swift; path = CourseSeeVC.swift; sourceTree = "<group>"; };
		5481B82425CC7327005111E5 /* TabBar.storyboard */ = {isa = PBXFileReference; lastKnownFileType = file.storyboard; path = TabBar.storyboard; sourceTree = "<group>"; };
		5481B82725CC744B005111E5 /* MyPageNC.swift */ = {isa = PBXFileReference; lastKnownFileType = sourcecode.swift; path = MyPageNC.swift; sourceTree = "<group>"; };
		5481B82A25CC7458005111E5 /* CourseSeeNC.swift */ = {isa = PBXFileReference; lastKnownFileType = sourcecode.swift; path = CourseSeeNC.swift; sourceTree = "<group>"; };
		5481B82D25CC747B005111E5 /* CourseBuildNC.swift */ = {isa = PBXFileReference; lastKnownFileType = sourcecode.swift; path = CourseBuildNC.swift; sourceTree = "<group>"; };
		5481B83025CC7486005111E5 /* MainNC.swift */ = {isa = PBXFileReference; lastKnownFileType = sourcecode.swift; path = MainNC.swift; sourceTree = "<group>"; };
		5481B83C25CCFB5F005111E5 /* CourseCompleteVC.swift */ = {isa = PBXFileReference; lastKnownFileType = sourcecode.swift; path = CourseCompleteVC.swift; sourceTree = "<group>"; };
		54822B2F25CD39B800FEC71D /* CourseLookCVCell.swift */ = {isa = PBXFileReference; lastKnownFileType = sourcecode.swift; path = CourseLookCVCell.swift; sourceTree = "<group>"; };
		54822B3025CD39B800FEC71D /* CourseLookCVCell.xib */ = {isa = PBXFileReference; lastKnownFileType = file.xib; path = CourseLookCVCell.xib; sourceTree = "<group>"; };
		54822B3425CD39CB00FEC71D /* CourseRecommendCVCell.swift */ = {isa = PBXFileReference; lastKnownFileType = sourcecode.swift; path = CourseRecommendCVCell.swift; sourceTree = "<group>"; };
		54822B3525CD39CB00FEC71D /* CourseRecommendCVCell.xib */ = {isa = PBXFileReference; lastKnownFileType = file.xib; path = CourseRecommendCVCell.xib; sourceTree = "<group>"; };
		54822B3925CD3A0400FEC71D /* MyCVCell.swift */ = {isa = PBXFileReference; lastKnownFileType = sourcecode.swift; path = MyCVCell.swift; sourceTree = "<group>"; };
		54822B3A25CD3A0400FEC71D /* MyCVCell.xib */ = {isa = PBXFileReference; lastKnownFileType = file.xib; path = MyCVCell.xib; sourceTree = "<group>"; };
		54822B3E25CD3E3E00FEC71D /* Course.swift */ = {isa = PBXFileReference; lastKnownFileType = sourcecode.swift; path = Course.swift; sourceTree = "<group>"; };
		54822B4125CD3E8300FEC71D /* Recommend.swift */ = {isa = PBXFileReference; lastKnownFileType = sourcecode.swift; path = Recommend.swift; sourceTree = "<group>"; };
		54822B4A25CD538600FEC71D /* Survey.storyboard */ = {isa = PBXFileReference; lastKnownFileType = file.storyboard; path = Survey.storyboard; sourceTree = "<group>"; };
		54822B4E25CD53B600FEC71D /* FirstSurvey.swift */ = {isa = PBXFileReference; lastKnownFileType = sourcecode.swift; path = FirstSurvey.swift; sourceTree = "<group>"; };
		54822B5225CD53C200FEC71D /* SecondSurvey.swift */ = {isa = PBXFileReference; lastKnownFileType = sourcecode.swift; path = SecondSurvey.swift; sourceTree = "<group>"; };
		54822B5525CD53CF00FEC71D /* ThirdSurvey.swift */ = {isa = PBXFileReference; lastKnownFileType = sourcecode.swift; path = ThirdSurvey.swift; sourceTree = "<group>"; };
		54822B5825CD53D800FEC71D /* FourthSurvey.swift */ = {isa = PBXFileReference; lastKnownFileType = sourcecode.swift; path = FourthSurvey.swift; sourceTree = "<group>"; };
		54822B5B25CD5DD800FEC71D /* LoadingVC.swift */ = {isa = PBXFileReference; lastKnownFileType = sourcecode.swift; path = LoadingVC.swift; sourceTree = "<group>"; };
		54822B6325CD7BE000FEC71D /* SplashVC.swift */ = {isa = PBXFileReference; lastKnownFileType = sourcecode.swift; path = SplashVC.swift; sourceTree = "<group>"; };
		54822B6625CD7D7500FEC71D /* CourseDetail.storyboard */ = {isa = PBXFileReference; lastKnownFileType = file.storyboard; path = CourseDetail.storyboard; sourceTree = "<group>"; };
		54822B6A25CD7D8D00FEC71D /* CourseDetailVC.swift */ = {isa = PBXFileReference; lastKnownFileType = sourcecode.swift; path = CourseDetailVC.swift; sourceTree = "<group>"; };
		54D223E725CDCFBA003A1496 /* UILabel+Padding.swift */ = {isa = PBXFileReference; lastKnownFileType = sourcecode.swift; path = "UILabel+Padding.swift"; sourceTree = "<group>"; };
		54D223EA25CDE11E003A1496 /* UITextField+Extension.swift */ = {isa = PBXFileReference; lastKnownFileType = sourcecode.swift; path = "UITextField+Extension.swift"; sourceTree = "<group>"; };
		896C7CF3BAB863E81FB64CBE /* Pods-Chadri-iOS.release.xcconfig */ = {isa = PBXFileReference; includeInIndex = 1; lastKnownFileType = text.xcconfig; name = "Pods-Chadri-iOS.release.xcconfig"; path = "Target Support Files/Pods-Chadri-iOS/Pods-Chadri-iOS.release.xcconfig"; sourceTree = "<group>"; };
		FA3F4BCAF00E6D5BD1F9919C /* Pods-Chadri-iOS.debug.xcconfig */ = {isa = PBXFileReference; includeInIndex = 1; lastKnownFileType = text.xcconfig; name = "Pods-Chadri-iOS.debug.xcconfig"; path = "Target Support Files/Pods-Chadri-iOS/Pods-Chadri-iOS.debug.xcconfig"; sourceTree = "<group>"; };
/* End PBXFileReference section */

/* Begin PBXFrameworksBuildPhase section */
		54035D0C25CC1A2E0036D86F /* Frameworks */ = {
			isa = PBXFrameworksBuildPhase;
			buildActionMask = 2147483647;
			files = (
				AFC2958DC0C7EC3506162EF9 /* Pods_Chadri_iOS.framework in Frameworks */,
			);
			runOnlyForDeploymentPostprocessing = 0;
		};
/* End PBXFrameworksBuildPhase section */

/* Begin PBXGroup section */
		4CF09FDDB31C300463541EC0 /* Pods */ = {
			isa = PBXGroup;
			children = (
				FA3F4BCAF00E6D5BD1F9919C /* Pods-Chadri-iOS.debug.xcconfig */,
				896C7CF3BAB863E81FB64CBE /* Pods-Chadri-iOS.release.xcconfig */,
			);
			path = Pods;
			sourceTree = "<group>";
		};
		54035D0625CC1A2E0036D86F = {
			isa = PBXGroup;
			children = (
				54035D1125CC1A2E0036D86F /* Chadri-iOS */,
				54035D1025CC1A2E0036D86F /* Products */,
				4CF09FDDB31C300463541EC0 /* Pods */,
				79DCD8031BA38DE0CAD669F2 /* Frameworks */,
			);
			sourceTree = "<group>";
		};
		54035D1025CC1A2E0036D86F /* Products */ = {
			isa = PBXGroup;
			children = (
				54035D0F25CC1A2E0036D86F /* Chadri-iOS.app */,
			);
			name = Products;
			sourceTree = "<group>";
		};
		54035D1125CC1A2E0036D86F /* Chadri-iOS */ = {
			isa = PBXGroup;
			children = (
				54035D2825CC1B790036D86F /* Sources */,
				54035D2725CC1B610036D86F /* Resources */,
				54035D2025CC1A310036D86F /* Info.plist */,
			);
			path = "Chadri-iOS";
			sourceTree = "<group>";
		};
		54035D2725CC1B610036D86F /* Resources */ = {
			isa = PBXGroup;
			children = (
				54035D3F25CC1CF30036D86F /* Font */,
				54035D3725CC1C820036D86F /* APIService */,
				54035D3225CC1C1F0036D86F /* Storyboard */,
				54035D1225CC1A2E0036D86F /* AppDelegate.swift */,
				54035D1425CC1A2E0036D86F /* SceneDelegate.swift */,
				54035D1B25CC1A310036D86F /* Assets.xcassets */,
			);
			path = Resources;
			sourceTree = "<group>";
		};
		54035D2825CC1B790036D86F /* Sources */ = {
			isa = PBXGroup;
			children = (
				54822B2925CD38CC00FEC71D /* Cell */,
				54035D2D25CC1BA50036D86F /* Extension */,
				54035D2C25CC1B980036D86F /* Model */,
				54035D2925CC1B830036D86F /* VC */,
			);
			path = Sources;
			sourceTree = "<group>";
		};
		54035D2925CC1B830036D86F /* VC */ = {
			isa = PBXGroup;
			children = (
				54822B6925CD7D7E00FEC71D /* CourseDetail */,
				54822B4D25CD53A000FEC71D /* Survey */,
				5481B81C25CC729C005111E5 /* MyPage */,
				5481B81B25CC7292005111E5 /* CourseSee */,
				5481B7F925CC4984005111E5 /* CourseBuild */,
				5481B7DE25CC224A005111E5 /* Main */,
				54822B6325CD7BE000FEC71D /* SplashVC.swift */,
			);
			path = VC;
			sourceTree = "<group>";
		};
		54035D2C25CC1B980036D86F /* Model */ = {
			isa = PBXGroup;
			children = (
				54035D3325CC1C570036D86F /* GenericResponse.swift */,
				5481B80525CC599D005111E5 /* Markers.swift */,
				5481B80E25CC6439005111E5 /* CourseBuild.swift */,
				54822B3E25CD3E3E00FEC71D /* Course.swift */,
				54822B4125CD3E8300FEC71D /* Recommend.swift */,
			);
			path = Model;
			sourceTree = "<group>";
		};
		54035D2D25CC1BA50036D86F /* Extension */ = {
			isa = PBXGroup;
			children = (
				54035D2E25CC1BC70036D86F /* UIColor+Additions.swift */,
				5481B80B25CC5F45005111E5 /* UIView+Extension.swift */,
				54D223E725CDCFBA003A1496 /* UILabel+Padding.swift */,
				54D223EA25CDE11E003A1496 /* UITextField+Extension.swift */,
			);
			path = Extension;
			sourceTree = "<group>";
		};
		54035D3225CC1C1F0036D86F /* Storyboard */ = {
			isa = PBXGroup;
			children = (
				54035D1825CC1A2E0036D86F /* Main.storyboard */,
				5481B7FF25CC49DE005111E5 /* CourseBuild.storyboard */,
				54035D1D25CC1A310036D86F /* LaunchScreen.storyboard */,
				5481B81525CC726E005111E5 /* MyPage.storyboard */,
				5481B81825CC727D005111E5 /* CourseSee.storyboard */,
				5481B82425CC7327005111E5 /* TabBar.storyboard */,
				54822B4A25CD538600FEC71D /* Survey.storyboard */,
				54822B6625CD7D7500FEC71D /* CourseDetail.storyboard */,
			);
			path = Storyboard;
			sourceTree = "<group>";
		};
		54035D3725CC1C820036D86F /* APIService */ = {
			isa = PBXGroup;
			children = (
				54035D3825CC1C940036D86F /* APIConstants.swift */,
				54035D3C25CC1CD20036D86F /* NetworkResult.swift */,
			);
			path = APIService;
			sourceTree = "<group>";
		};
		54035D3F25CC1CF30036D86F /* Font */ = {
			isa = PBXGroup;
			children = (
				54035D4325CC1D390036D86F /* NotoSansCJKkr-Bold.otf */,
				54035D4425CC1D3A0036D86F /* NotoSansCJKkr-Light.otf */,
				54035D4125CC1D380036D86F /* NotoSansCJKkr-Medium.otf */,
				54035D4525CC1D3A0036D86F /* NotoSansCJKkr-Regular.otf */,
				54035D4225CC1D380036D86F /* Roboto-Black.ttf */,
				54035D4025CC1D370036D86F /* Roboto-Bold.ttf */,
				54035D4625CC1D3A0036D86F /* Roboto-Medium.ttf */,
				54035D4725CC1D3A0036D86F /* Roboto-Regular.ttf */,
			);
			path = Font;
			sourceTree = "<group>";
		};
		5481B7DE25CC224A005111E5 /* Main */ = {
			isa = PBXGroup;
			children = (
				54035D5225CC1D7A0036D86F /* MainVC.swift */,
				5481B81125CC7084005111E5 /* ChadriTabBarController.swift */,
				5481B83025CC7486005111E5 /* MainNC.swift */,
			);
			path = Main;
			sourceTree = "<group>";
		};
		5481B7F925CC4984005111E5 /* CourseBuild */ = {
			isa = PBXGroup;
			children = (
				5481B7FA25CC49C1005111E5 /* CourseBuildVC.swift */,
				5481B80825CC5E48005111E5 /* CourseBuildPopUpVC.swift */,
				5481B82D25CC747B005111E5 /* CourseBuildNC.swift */,
				5481B83C25CCFB5F005111E5 /* CourseCompleteVC.swift */,
			);
			path = CourseBuild;
			sourceTree = "<group>";
		};
		5481B81B25CC7292005111E5 /* CourseSee */ = {
			isa = PBXGroup;
			children = (
				5481B82125CC72BA005111E5 /* CourseSeeVC.swift */,
				5481B82A25CC7458005111E5 /* CourseSeeNC.swift */,
			);
			path = CourseSee;
			sourceTree = "<group>";
		};
		5481B81C25CC729C005111E5 /* MyPage */ = {
			isa = PBXGroup;
			children = (
				5481B81D25CC72AC005111E5 /* MyPageVC.swift */,
				5481B82725CC744B005111E5 /* MyPageNC.swift */,
			);
			path = MyPage;
			sourceTree = "<group>";
		};
		54822B2925CD38CC00FEC71D /* Cell */ = {
			isa = PBXGroup;
			children = (
				54822B2F25CD39B800FEC71D /* CourseLookCVCell.swift */,
				54822B3025CD39B800FEC71D /* CourseLookCVCell.xib */,
				54822B3425CD39CB00FEC71D /* CourseRecommendCVCell.swift */,
				54822B3525CD39CB00FEC71D /* CourseRecommendCVCell.xib */,
				54822B3925CD3A0400FEC71D /* MyCVCell.swift */,
				54822B3A25CD3A0400FEC71D /* MyCVCell.xib */,
			);
			path = Cell;
			sourceTree = "<group>";
		};
		54822B4D25CD53A000FEC71D /* Survey */ = {
			isa = PBXGroup;
			children = (
				54822B4E25CD53B600FEC71D /* FirstSurvey.swift */,
				54822B5225CD53C200FEC71D /* SecondSurvey.swift */,
				54822B5525CD53CF00FEC71D /* ThirdSurvey.swift */,
				54822B5825CD53D800FEC71D /* FourthSurvey.swift */,
				54822B5B25CD5DD800FEC71D /* LoadingVC.swift */,
			);
			path = Survey;
			sourceTree = "<group>";
		};
		54822B6925CD7D7E00FEC71D /* CourseDetail */ = {
			isa = PBXGroup;
			children = (
				54822B6A25CD7D8D00FEC71D /* CourseDetailVC.swift */,
			);
			path = CourseDetail;
			sourceTree = "<group>";
		};
		79DCD8031BA38DE0CAD669F2 /* Frameworks */ = {
			isa = PBXGroup;
			children = (
				30A04C3B15E464B8DED5A4B4 /* Pods_Chadri_iOS.framework */,
			);
			name = Frameworks;
			sourceTree = "<group>";
		};
/* End PBXGroup section */

/* Begin PBXNativeTarget section */
		54035D0E25CC1A2E0036D86F /* Chadri-iOS */ = {
			isa = PBXNativeTarget;
			buildConfigurationList = 54035D2325CC1A310036D86F /* Build configuration list for PBXNativeTarget "Chadri-iOS" */;
			buildPhases = (
				409CA9EA414E642CF553EA9C /* [CP] Check Pods Manifest.lock */,
				54035D0B25CC1A2E0036D86F /* Sources */,
				54035D0C25CC1A2E0036D86F /* Frameworks */,
				54035D0D25CC1A2E0036D86F /* Resources */,
				1D1BCD9F9DF5424513A0D48F /* [CP] Embed Pods Frameworks */,
			);
			buildRules = (
			);
			dependencies = (
			);
			name = "Chadri-iOS";
			productName = "Chadri-iOS";
			productReference = 54035D0F25CC1A2E0036D86F /* Chadri-iOS.app */;
			productType = "com.apple.product-type.application";
		};
/* End PBXNativeTarget section */

/* Begin PBXProject section */
		54035D0725CC1A2E0036D86F /* Project object */ = {
			isa = PBXProject;
			attributes = {
				LastSwiftUpdateCheck = 1230;
				LastUpgradeCheck = 1230;
				TargetAttributes = {
					54035D0E25CC1A2E0036D86F = {
						CreatedOnToolsVersion = 12.3;
					};
				};
			};
			buildConfigurationList = 54035D0A25CC1A2E0036D86F /* Build configuration list for PBXProject "Chadri-iOS" */;
			compatibilityVersion = "Xcode 9.3";
			developmentRegion = en;
			hasScannedForEncodings = 0;
			knownRegions = (
				en,
				Base,
			);
			mainGroup = 54035D0625CC1A2E0036D86F;
			productRefGroup = 54035D1025CC1A2E0036D86F /* Products */;
			projectDirPath = "";
			projectRoot = "";
			targets = (
				54035D0E25CC1A2E0036D86F /* Chadri-iOS */,
			);
		};
/* End PBXProject section */

/* Begin PBXResourcesBuildPhase section */
		54035D0D25CC1A2E0036D86F /* Resources */ = {
			isa = PBXResourcesBuildPhase;
			buildActionMask = 2147483647;
			files = (
				54822B3725CD39CB00FEC71D /* CourseRecommendCVCell.xib in Resources */,
				54035D4E25CC1D3A0036D86F /* Roboto-Medium.ttf in Resources */,
				54035D4F25CC1D3A0036D86F /* Roboto-Regular.ttf in Resources */,
				5481B80025CC49DE005111E5 /* CourseBuild.storyboard in Resources */,
				54035D1F25CC1A310036D86F /* LaunchScreen.storyboard in Resources */,
				54822B3225CD39B800FEC71D /* CourseLookCVCell.xib in Resources */,
				54035D1C25CC1A310036D86F /* Assets.xcassets in Resources */,
				54035D4825CC1D3A0036D86F /* Roboto-Bold.ttf in Resources */,
				54035D1A25CC1A2E0036D86F /* Main.storyboard in Resources */,
				54035D4D25CC1D3A0036D86F /* NotoSansCJKkr-Regular.otf in Resources */,
				54822B6725CD7D7500FEC71D /* CourseDetail.storyboard in Resources */,
				54035D4B25CC1D3A0036D86F /* NotoSansCJKkr-Bold.otf in Resources */,
				54822B4B25CD538600FEC71D /* Survey.storyboard in Resources */,
				5481B81625CC726E005111E5 /* MyPage.storyboard in Resources */,
				5481B82525CC7327005111E5 /* TabBar.storyboard in Resources */,
				54822B3C25CD3A0400FEC71D /* MyCVCell.xib in Resources */,
				54035D4C25CC1D3A0036D86F /* NotoSansCJKkr-Light.otf in Resources */,
				54035D4925CC1D3A0036D86F /* NotoSansCJKkr-Medium.otf in Resources */,
				54035D4A25CC1D3A0036D86F /* Roboto-Black.ttf in Resources */,
				5481B81925CC727D005111E5 /* CourseSee.storyboard in Resources */,
			);
			runOnlyForDeploymentPostprocessing = 0;
		};
/* End PBXResourcesBuildPhase section */

/* Begin PBXShellScriptBuildPhase section */
		1D1BCD9F9DF5424513A0D48F /* [CP] Embed Pods Frameworks */ = {
			isa = PBXShellScriptBuildPhase;
			buildActionMask = 2147483647;
			files = (
			);
			inputFileListPaths = (
				"${PODS_ROOT}/Target Support Files/Pods-Chadri-iOS/Pods-Chadri-iOS-frameworks-${CONFIGURATION}-input-files.xcfilelist",
			);
			name = "[CP] Embed Pods Frameworks";
			outputFileListPaths = (
				"${PODS_ROOT}/Target Support Files/Pods-Chadri-iOS/Pods-Chadri-iOS-frameworks-${CONFIGURATION}-output-files.xcfilelist",
			);
			runOnlyForDeploymentPostprocessing = 0;
			shellPath = /bin/sh;
			shellScript = "\"${PODS_ROOT}/Target Support Files/Pods-Chadri-iOS/Pods-Chadri-iOS-frameworks.sh\"\n";
			showEnvVarsInLog = 0;
		};
		409CA9EA414E642CF553EA9C /* [CP] Check Pods Manifest.lock */ = {
			isa = PBXShellScriptBuildPhase;
			buildActionMask = 2147483647;
			files = (
			);
			inputFileListPaths = (
			);
			inputPaths = (
				"${PODS_PODFILE_DIR_PATH}/Podfile.lock",
				"${PODS_ROOT}/Manifest.lock",
			);
			name = "[CP] Check Pods Manifest.lock";
			outputFileListPaths = (
			);
			outputPaths = (
				"$(DERIVED_FILE_DIR)/Pods-Chadri-iOS-checkManifestLockResult.txt",
			);
			runOnlyForDeploymentPostprocessing = 0;
			shellPath = /bin/sh;
			shellScript = "diff \"${PODS_PODFILE_DIR_PATH}/Podfile.lock\" \"${PODS_ROOT}/Manifest.lock\" > /dev/null\nif [ $? != 0 ] ; then\n    # print error to STDERR\n    echo \"error: The sandbox is not in sync with the Podfile.lock. Run 'pod install' or update your CocoaPods installation.\" >&2\n    exit 1\nfi\n# This output is used by Xcode 'outputs' to avoid re-running this script phase.\necho \"SUCCESS\" > \"${SCRIPT_OUTPUT_FILE_0}\"\n";
			showEnvVarsInLog = 0;
		};
/* End PBXShellScriptBuildPhase section */

/* Begin PBXSourcesBuildPhase section */
		54035D0B25CC1A2E0036D86F /* Sources */ = {
			isa = PBXSourcesBuildPhase;
			buildActionMask = 2147483647;
			files = (
				54D223E825CDCFBA003A1496 /* UILabel+Padding.swift in Sources */,
				54822B3F25CD3E3E00FEC71D /* Course.swift in Sources */,
				5481B82E25CC747B005111E5 /* CourseBuildNC.swift in Sources */,
				54822B3B25CD3A0400FEC71D /* MyCVCell.swift in Sources */,
				5481B80C25CC5F45005111E5 /* UIView+Extension.swift in Sources */,
				5481B7FB25CC49C1005111E5 /* CourseBuildVC.swift in Sources */,
				54822B3125CD39B800FEC71D /* CourseLookCVCell.swift in Sources */,
				54822B6425CD7BE000FEC71D /* SplashVC.swift in Sources */,
				54822B3625CD39CB00FEC71D /* CourseRecommendCVCell.swift in Sources */,
				54035D3425CC1C570036D86F /* GenericResponse.swift in Sources */,
				54035D3925CC1C940036D86F /* APIConstants.swift in Sources */,
				54822B5325CD53C200FEC71D /* SecondSurvey.swift in Sources */,
				54035D2F25CC1BC70036D86F /* UIColor+Additions.swift in Sources */,
				54822B6B25CD7D8D00FEC71D /* CourseDetailVC.swift in Sources */,
				54822B4F25CD53B600FEC71D /* FirstSurvey.swift in Sources */,
				5481B81225CC7084005111E5 /* ChadriTabBarController.swift in Sources */,
				5481B82225CC72BA005111E5 /* CourseSeeVC.swift in Sources */,
				5481B83125CC7486005111E5 /* MainNC.swift in Sources */,
				5481B80F25CC6439005111E5 /* CourseBuild.swift in Sources */,
				54035D1325CC1A2E0036D86F /* AppDelegate.swift in Sources */,
				54822B4225CD3E8300FEC71D /* Recommend.swift in Sources */,
				5481B82B25CC7458005111E5 /* CourseSeeNC.swift in Sources */,
				54822B5925CD53D800FEC71D /* FourthSurvey.swift in Sources */,
				5481B83D25CCFB5F005111E5 /* CourseCompleteVC.swift in Sources */,
				5481B80625CC599D005111E5 /* Markers.swift in Sources */,
				54035D1525CC1A2E0036D86F /* SceneDelegate.swift in Sources */,
				5481B80925CC5E48005111E5 /* CourseBuildPopUpVC.swift in Sources */,
				5481B81E25CC72AC005111E5 /* MyPageVC.swift in Sources */,
				5481B82825CC744B005111E5 /* MyPageNC.swift in Sources */,
				54822B5625CD53CF00FEC71D /* ThirdSurvey.swift in Sources */,
				54035D3D25CC1CD20036D86F /* NetworkResult.swift in Sources */,
				54035D5325CC1D7A0036D86F /* MainVC.swift in Sources */,
				54822B5C25CD5DD800FEC71D /* LoadingVC.swift in Sources */,
				54D223EB25CDE11E003A1496 /* UITextField+Extension.swift in Sources */,
			);
			runOnlyForDeploymentPostprocessing = 0;
		};
/* End PBXSourcesBuildPhase section */

/* Begin PBXVariantGroup section */
		54035D1825CC1A2E0036D86F /* Main.storyboard */ = {
			isa = PBXVariantGroup;
			children = (
				54035D1925CC1A2E0036D86F /* Base */,
			);
			name = Main.storyboard;
			sourceTree = "<group>";
		};
		54035D1D25CC1A310036D86F /* LaunchScreen.storyboard */ = {
			isa = PBXVariantGroup;
			children = (
				54035D1E25CC1A310036D86F /* Base */,
			);
			name = LaunchScreen.storyboard;
			sourceTree = "<group>";
		};
/* End PBXVariantGroup section */

/* Begin XCBuildConfiguration section */
		54035D2125CC1A310036D86F /* Debug */ = {
			isa = XCBuildConfiguration;
			buildSettings = {
				ALWAYS_SEARCH_USER_PATHS = NO;
				CLANG_ANALYZER_NONNULL = YES;
				CLANG_ANALYZER_NUMBER_OBJECT_CONVERSION = YES_AGGRESSIVE;
				CLANG_CXX_LANGUAGE_STANDARD = "gnu++14";
				CLANG_CXX_LIBRARY = "libc++";
				CLANG_ENABLE_MODULES = YES;
				CLANG_ENABLE_OBJC_ARC = YES;
				CLANG_ENABLE_OBJC_WEAK = YES;
				CLANG_WARN_BLOCK_CAPTURE_AUTORELEASING = YES;
				CLANG_WARN_BOOL_CONVERSION = YES;
				CLANG_WARN_COMMA = YES;
				CLANG_WARN_CONSTANT_CONVERSION = YES;
				CLANG_WARN_DEPRECATED_OBJC_IMPLEMENTATIONS = YES;
				CLANG_WARN_DIRECT_OBJC_ISA_USAGE = YES_ERROR;
				CLANG_WARN_DOCUMENTATION_COMMENTS = YES;
				CLANG_WARN_EMPTY_BODY = YES;
				CLANG_WARN_ENUM_CONVERSION = YES;
				CLANG_WARN_INFINITE_RECURSION = YES;
				CLANG_WARN_INT_CONVERSION = YES;
				CLANG_WARN_NON_LITERAL_NULL_CONVERSION = YES;
				CLANG_WARN_OBJC_IMPLICIT_RETAIN_SELF = YES;
				CLANG_WARN_OBJC_LITERAL_CONVERSION = YES;
				CLANG_WARN_OBJC_ROOT_CLASS = YES_ERROR;
				CLANG_WARN_QUOTED_INCLUDE_IN_FRAMEWORK_HEADER = YES;
				CLANG_WARN_RANGE_LOOP_ANALYSIS = YES;
				CLANG_WARN_STRICT_PROTOTYPES = YES;
				CLANG_WARN_SUSPICIOUS_MOVE = YES;
				CLANG_WARN_UNGUARDED_AVAILABILITY = YES_AGGRESSIVE;
				CLANG_WARN_UNREACHABLE_CODE = YES;
				CLANG_WARN__DUPLICATE_METHOD_MATCH = YES;
				COPY_PHASE_STRIP = NO;
				DEBUG_INFORMATION_FORMAT = dwarf;
				ENABLE_STRICT_OBJC_MSGSEND = YES;
				ENABLE_TESTABILITY = YES;
				GCC_C_LANGUAGE_STANDARD = gnu11;
				GCC_DYNAMIC_NO_PIC = NO;
				GCC_NO_COMMON_BLOCKS = YES;
				GCC_OPTIMIZATION_LEVEL = 0;
				GCC_PREPROCESSOR_DEFINITIONS = (
					"DEBUG=1",
					"$(inherited)",
				);
				GCC_WARN_64_TO_32_BIT_CONVERSION = YES;
				GCC_WARN_ABOUT_RETURN_TYPE = YES_ERROR;
				GCC_WARN_UNDECLARED_SELECTOR = YES;
				GCC_WARN_UNINITIALIZED_AUTOS = YES_AGGRESSIVE;
				GCC_WARN_UNUSED_FUNCTION = YES;
				GCC_WARN_UNUSED_VARIABLE = YES;
				IPHONEOS_DEPLOYMENT_TARGET = 14.3;
				MTL_ENABLE_DEBUG_INFO = INCLUDE_SOURCE;
				MTL_FAST_MATH = YES;
				ONLY_ACTIVE_ARCH = YES;
				SDKROOT = iphoneos;
				SWIFT_ACTIVE_COMPILATION_CONDITIONS = DEBUG;
				SWIFT_OPTIMIZATION_LEVEL = "-Onone";
			};
			name = Debug;
		};
		54035D2225CC1A310036D86F /* Release */ = {
			isa = XCBuildConfiguration;
			buildSettings = {
				ALWAYS_SEARCH_USER_PATHS = NO;
				CLANG_ANALYZER_NONNULL = YES;
				CLANG_ANALYZER_NUMBER_OBJECT_CONVERSION = YES_AGGRESSIVE;
				CLANG_CXX_LANGUAGE_STANDARD = "gnu++14";
				CLANG_CXX_LIBRARY = "libc++";
				CLANG_ENABLE_MODULES = YES;
				CLANG_ENABLE_OBJC_ARC = YES;
				CLANG_ENABLE_OBJC_WEAK = YES;
				CLANG_WARN_BLOCK_CAPTURE_AUTORELEASING = YES;
				CLANG_WARN_BOOL_CONVERSION = YES;
				CLANG_WARN_COMMA = YES;
				CLANG_WARN_CONSTANT_CONVERSION = YES;
				CLANG_WARN_DEPRECATED_OBJC_IMPLEMENTATIONS = YES;
				CLANG_WARN_DIRECT_OBJC_ISA_USAGE = YES_ERROR;
				CLANG_WARN_DOCUMENTATION_COMMENTS = YES;
				CLANG_WARN_EMPTY_BODY = YES;
				CLANG_WARN_ENUM_CONVERSION = YES;
				CLANG_WARN_INFINITE_RECURSION = YES;
				CLANG_WARN_INT_CONVERSION = YES;
				CLANG_WARN_NON_LITERAL_NULL_CONVERSION = YES;
				CLANG_WARN_OBJC_IMPLICIT_RETAIN_SELF = YES;
				CLANG_WARN_OBJC_LITERAL_CONVERSION = YES;
				CLANG_WARN_OBJC_ROOT_CLASS = YES_ERROR;
				CLANG_WARN_QUOTED_INCLUDE_IN_FRAMEWORK_HEADER = YES;
				CLANG_WARN_RANGE_LOOP_ANALYSIS = YES;
				CLANG_WARN_STRICT_PROTOTYPES = YES;
				CLANG_WARN_SUSPICIOUS_MOVE = YES;
				CLANG_WARN_UNGUARDED_AVAILABILITY = YES_AGGRESSIVE;
				CLANG_WARN_UNREACHABLE_CODE = YES;
				CLANG_WARN__DUPLICATE_METHOD_MATCH = YES;
				COPY_PHASE_STRIP = NO;
				DEBUG_INFORMATION_FORMAT = "dwarf-with-dsym";
				ENABLE_NS_ASSERTIONS = NO;
				ENABLE_STRICT_OBJC_MSGSEND = YES;
				GCC_C_LANGUAGE_STANDARD = gnu11;
				GCC_NO_COMMON_BLOCKS = YES;
				GCC_WARN_64_TO_32_BIT_CONVERSION = YES;
				GCC_WARN_ABOUT_RETURN_TYPE = YES_ERROR;
				GCC_WARN_UNDECLARED_SELECTOR = YES;
				GCC_WARN_UNINITIALIZED_AUTOS = YES_AGGRESSIVE;
				GCC_WARN_UNUSED_FUNCTION = YES;
				GCC_WARN_UNUSED_VARIABLE = YES;
				IPHONEOS_DEPLOYMENT_TARGET = 14.3;
				MTL_ENABLE_DEBUG_INFO = NO;
				MTL_FAST_MATH = YES;
				SDKROOT = iphoneos;
				SWIFT_COMPILATION_MODE = wholemodule;
				SWIFT_OPTIMIZATION_LEVEL = "-O";
				VALIDATE_PRODUCT = YES;
			};
			name = Release;
		};
		54035D2425CC1A310036D86F /* Debug */ = {
			isa = XCBuildConfiguration;
			baseConfigurationReference = FA3F4BCAF00E6D5BD1F9919C /* Pods-Chadri-iOS.debug.xcconfig */;
			buildSettings = {
				ASSETCATALOG_COMPILER_APPICON_NAME = AppIcon;
				ASSETCATALOG_COMPILER_GLOBAL_ACCENT_COLOR_NAME = AccentColor;
				CODE_SIGN_STYLE = Automatic;
				DEVELOPMENT_TEAM = N8FDQCW52Q;
				INFOPLIST_FILE = "Chadri-iOS/Info.plist";
				LD_RUNPATH_SEARCH_PATHS = (
					"$(inherited)",
					"@executable_path/Frameworks",
				);
				PRODUCT_BUNDLE_IDENTIFIER = "wonseok.Chadri-iOS";
				PRODUCT_NAME = "$(TARGET_NAME)";
				SWIFT_VERSION = 5.0;
				TARGETED_DEVICE_FAMILY = "1,2";
			};
			name = Debug;
		};
		54035D2525CC1A310036D86F /* Release */ = {
			isa = XCBuildConfiguration;
			baseConfigurationReference = 896C7CF3BAB863E81FB64CBE /* Pods-Chadri-iOS.release.xcconfig */;
			buildSettings = {
				ASSETCATALOG_COMPILER_APPICON_NAME = AppIcon;
				ASSETCATALOG_COMPILER_GLOBAL_ACCENT_COLOR_NAME = AccentColor;
				CODE_SIGN_STYLE = Automatic;
				DEVELOPMENT_TEAM = N8FDQCW52Q;
				INFOPLIST_FILE = "Chadri-iOS/Info.plist";
				LD_RUNPATH_SEARCH_PATHS = (
					"$(inherited)",
					"@executable_path/Frameworks",
				);
				PRODUCT_BUNDLE_IDENTIFIER = "wonseok.Chadri-iOS";
				PRODUCT_NAME = "$(TARGET_NAME)";
				SWIFT_VERSION = 5.0;
				TARGETED_DEVICE_FAMILY = "1,2";
			};
			name = Release;
		};
/* End XCBuildConfiguration section */

/* Begin XCConfigurationList section */
		54035D0A25CC1A2E0036D86F /* Build configuration list for PBXProject "Chadri-iOS" */ = {
			isa = XCConfigurationList;
			buildConfigurations = (
				54035D2125CC1A310036D86F /* Debug */,
				54035D2225CC1A310036D86F /* Release */,
			);
			defaultConfigurationIsVisible = 0;
			defaultConfigurationName = Release;
		};
		54035D2325CC1A310036D86F /* Build configuration list for PBXNativeTarget "Chadri-iOS" */ = {
			isa = XCConfigurationList;
			buildConfigurations = (
				54035D2425CC1A310036D86F /* Debug */,
				54035D2525CC1A310036D86F /* Release */,
			);
			defaultConfigurationIsVisible = 0;
			defaultConfigurationName = Release;
		};
/* End XCConfigurationList section */
	};
	rootObject = 54035D0725CC1A2E0036D86F /* Project object */;
}
